hash: 19de112eaf2c3ca01b2e3165a54603847c17c97856650d3c91cb692a6881ec75
updated: 2018-06-20T14:24:01.515488+07:00
imports:
- name: github.com/armon/go-metrics
  version: 783273d703149aaeb9897cf58613d5af48861c25
- name: github.com/BaritoLog/go-boilerplate
  version: 2c1d41839fcf26efb415dfad2c903e6d4656a368
  subpackages:
  - envkit
  - testkit
- name: github.com/cssivision/reverseproxy
  version: b27a2af48c77f8b28ea55a3be5ebc4d19704fce4
- name: github.com/golang/protobuf
  version: 9f81198da99b79e14d70ca2c3cc1bbe44c6e69b6
  subpackages:
  - proto
  - ptypes
  - ptypes/any
  - ptypes/duration
  - ptypes/timestamp
- name: github.com/gorilla/context
  version: 08b5f424b9271eedf6f9f0ce86cb9396ed337a42
- name: github.com/gorilla/mux
  version: e0b5abaaae35242fa74372f26c24107711702a4e
- name: github.com/hashicorp/consul
  version: 5174058f0d2bda63fa5198ab96c33d9a909c58ed
  subpackages:
  - api
- name: github.com/hashicorp/go-cleanhttp
  version: d5fe4b57a186c716b0e00b8c301cbd9b4182694d
- name: github.com/hashicorp/go-immutable-radix
  version: 7f3cd4390caab3250a57f30efdb2a65dd7649ecf
- name: github.com/hashicorp/go-rootcerts
  version: 6bb64b370b90e7ef1fa532be9e591a81c3493e00
- name: github.com/hashicorp/golang-lru
  version: 0fb14efe8c47ae851c0034ed7a448854d3d34cf3
  subpackages:
  - simplelru
- name: github.com/hashicorp/serf
  version: 984a73625de3138f44deb38d00878fab39eb6447
  subpackages:
  - coordinate
- name: github.com/mitchellh/go-homedir
  version: 3864e76763d94a6df2f9960b16a20a33da9f9a66
- name: golang.org/x/net
  version: 1e491301e022f8f977054da4c2d852decd59571f
  subpackages:
  - context
  - http/httpguts
  - http2
  - http2/hpack
  - idna
  - internal/timeseries
  - trace
- name: golang.org/x/text
  version: 5cec4b58c438bd98288aeb248bab2c1840713d21
  subpackages:
  - secure/bidirule
  - transform
  - unicode/bidi
  - unicode/norm
- name: google.golang.org/genproto
  version: 32ee49c4dd805befd833990acba36cb75042378c
  subpackages:
  - googleapis/rpc/status
- name: google.golang.org/grpc
  version: 2ab07fd5cb02cfc44fd49af17dd2356ed1647ed4
  subpackages:
  - balancer
  - balancer/base
  - balancer/roundrobin
  - channelz
  - codes
  - connectivity
  - credentials
  - encoding
  - encoding/proto
  - grpclog
  - internal
  - internal/channelz
  - internal/grpcrand
  - keepalive
  - metadata
  - naming
  - peer
  - resolver
  - resolver/dns
  - resolver/passthrough
  - stats
  - status
  - tap
  - transport
testImports: []
