hash: fe8e002d6754af702ae7a11c5207d195feab8c1fd9131b6b755bd10ae7ace70f
updated: 2019-02-18T13:15:09.365439+07:00
imports:
- name: github.com/armon/go-metrics
  version: f0300d1749da6fa982027e449ec0c7a145510c3c
- name: github.com/BaritoLog/cas
  version: 1d0220aa6e84e3c1762b07404c3e020f4e55dc0d
- name: github.com/BaritoLog/go-boilerplate
  version: b95aeda121e9f68aa8c81c7adcb98d82e6ced7a5
  subpackages:
  - envkit
  - httpkit
  - srvkit
  - testkit
- name: github.com/cssivision/reverseproxy
  version: b27a2af48c77f8b28ea55a3be5ebc4d19704fce4
- name: github.com/golang/glog
  version: 23def4e6c14b4da8ac2ed8007337bc5eb5007998
- name: github.com/hashicorp/consul
  version: 59c010eb3b9249c7e303166d7189c6b4ff1e7d52
  subpackages:
  - api
- name: github.com/hashicorp/go-cleanhttp
  version: e8ab9daed8d1ddd2d3c4efba338fe2eeae2e4f18
- name: github.com/hashicorp/go-immutable-radix
  version: 27df80928bb34bb1b0d6d0e01b9e679902e7a6b5
- name: github.com/hashicorp/go-rootcerts
  version: 6bb64b370b90e7ef1fa532be9e591a81c3493e00
- name: github.com/hashicorp/golang-lru
  version: 20f1fb78b0740ba8c3cb143a61e86ba5c8669768
  subpackages:
  - simplelru
- name: github.com/hashicorp/serf
  version: 239fdb9f44a485dc18bdf99ae26a3e7548bc4a04
  subpackages:
  - coordinate
- name: github.com/konsorten/go-windows-terminal-sequences
  version: 5c8c8bd35d3832f5d134ae1e1e375b69a4d25242
- name: github.com/mitchellh/go-homedir
  version: ae18d6b8b3205b561c79e8e5f69bff09736185f4
- name: github.com/mitchellh/mapstructure
  version: 3536a929edddb9a5b34bd6861dc4a9647cb459fe
- name: github.com/newrelic/go-agent
  version: a138039206f5b43233e37885306a4dfbdd20e5ce
  subpackages:
  - internal
  - internal/cat
  - internal/jsonx
  - internal/logger
  - internal/sysinfo
  - internal/utilization
- name: github.com/sirupsen/logrus
  version: bcd833dfe83d3cebad139e4a29ed79cb2318bf95
- name: github.com/urfave/cli
  version: b67dcf995b6a7b7f14fad5fcb7cc5441b05e814b
- name: golang.org/x/crypto
  version: ff983b9c42bc9fbf91556e191cc8efb585c16908
  subpackages:
  - ssh/terminal
- name: golang.org/x/sys
  version: a457fd036447854c0c02e89ea439481bdcf941a2
  subpackages:
  - unix
  - windows
- name: gopkg.in/yaml.v2
  version: 51d6538a90f86fe93ac480b35f37b2be17fef232
testImports: []
